# Run ./gradlew writeVersionsLocks to regenerate this file. Blank lines are to minimize merge conflicts.

com.diffplug.durian:durian-collect:1.2.0 (3 constraints: 4d313bd2)

com.diffplug.durian:durian-core:1.2.0 (4 constraints: 2640ae56)

com.diffplug.durian:durian-io:1.2.0 (1 constraints: 1313c62d)

com.diffplug.durian:durian-swt.os:4.3.0 (1 constraints: c60948a9)

com.diffplug.spotless:spotless-lib:4.10.1 (2 constraints: e82487e5)

com.diffplug.spotless:spotless-lib-extra:4.10.1 (1 constraints: 46131a41)

com.diffplug.spotless:spotless-plugin-gradle:8.10.1 (2 constraints: fe164d3b)

com.fasterxml.jackson.core:jackson-annotations:2.22 (7 constraints: 507c7559)

com.fasterxml.jackson.core:jackson-core:2.22.1 (6 constraints: a574b895)

com.fasterxml.jackson.core:jackson-databind:2.22.1 (7 constraints: 6a884864)

com.fasterxml.jackson.dataformat:jackson-dataformat-xml:2.22.1 (4 constraints: f95642b4)

com.fasterxml.jackson.datatype:jackson-datatype-guava:2.22.1 (3 constraints: c73bb8da)

com.fasterxml.jackson.datatype:jackson-datatype-jdk8:2.22.1 (2 constraints: dd1f04df)

com.fasterxml.jackson.module:jackson-module-parameter-names:2.22.1 (1 constraints: 39053a3b)

com.fasterxml.woodstox:woodstox-core:7.2.0 (1 constraints: 3d174b26)

com.google.auto:auto-common:1.2.2 (2 constraints: b421cd9d)

com.google.auto.service:auto-service:1.1.1 (1 constraints: 0505f435)

com.google.auto.service:auto-service-annotations:1.1.1 (1 constraints: 9c0f6a86)

com.google.code.findbugs:jsr305:3.0.2 (1 constraints: 0705fc35)

com.google.errorprone:error_prone_annotations:2.50.0 (5 constraints: b53797e2)

com.google.guava:failureaccess:1.0.3 (2 constraints: f3154f13)

com.google.guava:guava:33.7.1-jre (16 constraints: 19465232)

com.google.guava:listenablefuture:9999.0-empty-to-avoid-conflict-with-guava (1 constraints: bd17c918)

com.google.j2objc:j2objc-annotations:3.1 (2 constraints: 9316cf10)

com.googlecode.concurrent-trees:concurrent-trees:2.6.1 (1 constraints: 761166da)

com.googlecode.javaewah:JavaEWAH:1.2.3 (1 constraints: 460e7e50)

com.palantir.gradle.idea-configuration:gradle-idea-configuration:0.8.0 (4 constraints: e041096d)

com.palantir.gradle.utils:exec:0.28.0 (2 constraints: c21e1db5)

com.palantir.gradle.utils:platform:0.28.0 (6 constraints: d5603fc9)

com.palantir.gradle.utils:providers:0.28.0 (1 constraints: 750dec31)

com.palantir.gradle.utils:safe-exec-commandline:0.28.0 (1 constraints: 750dec31)

com.squareup.okhttp3:okhttp:4.12.0 (1 constraints: f6093eb3)

com.squareup.okio:okio:3.6.0 (1 constraints: 530c38fd)

com.squareup.okio:okio-jvm:3.6.0 (1 constraints: 500ad3b9)

commons-codec:commons-codec:1.22.0 (2 constraints: 181e0c87)

dev.equo.ide:solstice:1.8.2 (1 constraints: 781168da)

net.sf.jopt-simple:jopt-simple:5.0.4 (1 constraints: be0ad6cc)

org.apache.commons:commons-math3:3.6.1 (1 constraints: bf0adbcc)

org.codehaus.woodstox:stax2-api:4.3.0 (2 constraints: 682760d2)

org.derive4j:derive4j-annotation:1.1.1 (1 constraints: 0505f435)

org.eclipse.jdt:org.eclipse.jdt.core:3.23.0 (1 constraints: 3a05423b)

org.eclipse.jgit:org.eclipse.jgit:7.7.1.202607240634-r (2 constraints: fc2a1ddb)

org.eclipse.platform:org.eclipse.core.commands:3.9.700 (1 constraints: 7505d640)

org.eclipse.platform:org.eclipse.core.contenttype:3.7.800 (1 constraints: 7405cf40)

org.eclipse.platform:org.eclipse.core.expressions:3.7.0 (1 constraints: 0c050f36)

org.eclipse.platform:org.eclipse.core.filesystem:1.7.700 (1 constraints: 7105be40)

org.eclipse.platform:org.eclipse.core.jobs:3.10.800 (1 constraints: 9e054946)

org.eclipse.platform:org.eclipse.core.resources:3.13.800 (1 constraints: a1055846)

org.eclipse.platform:org.eclipse.core.runtime:3.19.0 (1 constraints: 3f05503b)

org.eclipse.platform:org.eclipse.equinox.app:1.5.0 (1 constraints: 0805ff35)

org.eclipse.platform:org.eclipse.equinox.common:3.13.0 (1 constraints: 39053e3b)

org.eclipse.platform:org.eclipse.equinox.preferences:3.8.0 (1 constraints: 0d051236)

org.eclipse.platform:org.eclipse.equinox.registry:3.9.0 (1 constraints: 0e051536)

org.eclipse.platform:org.eclipse.equinox.supplement:1.10.0 (1 constraints: 3405293b)

org.eclipse.platform:org.eclipse.osgi:3.24.200 (3 constraints: a021e822)

org.eclipse.platform:org.eclipse.text:3.10.300 (1 constraints: 99053a46)

org.functionaljava:functionaljava:5.0 (1 constraints: a904262c)

org.immutables:value:2.12.2 (2 constraints: ae16c234)

org.jetbrains:annotations:26.0.2 (2 constraints: b7284379)

org.jetbrains.kotlin:kotlin-stdlib:1.9.10 (2 constraints: c2210fe1)

org.jetbrains.kotlin:kotlin-stdlib-common:1.9.10 (2 constraints: 3f1b4b83)

org.jetbrains.kotlin:kotlin-stdlib-jdk7:1.9.10 (1 constraints: e210ffd2)

org.jetbrains.kotlin:kotlin-stdlib-jdk8:1.9.10 (2 constraints: 8118c1c5)

org.jspecify:jspecify:1.0.1 (15 constraints: 1bf4059d)

org.openjdk.jmh:jmh-core:1.37 (5 constraints: 52476be6)

org.openjdk.jmh:jmh-generator-annprocess:1.37 (1 constraints: df04fc30)

org.slf4j:slf4j-api:2.0.18 (5 constraints: fa4d332b)

org.tukaani:xz:1.9 (1 constraints: 6b09e995)



[Test dependencies]

aopalliance:aopalliance:1.0 (1 constraints: 170a83ac)

cglib:cglib-nodep:3.2.2 (1 constraints: 490ded24)

com.github.ben-manes.caffeine:caffeine:3.2.4 (2 constraints: cc16292c)

com.google.auto.value:auto-value-annotations:1.11.0 (2 constraints: d01cd319)

com.google.guava:guava-testlib:33.5.0-jre (1 constraints: ab068053)

com.google.inject:guice:5.1.0 (1 constraints: e20b61f3)

com.google.testing.compile:compile-testing:0.23.0 (1 constraints: 3705303b)

com.google.truth:truth:1.4.5 (1 constraints: 1d1219fb)

com.googlecode.java-diff-utils:diffutils:1.3.0 (1 constraints: bd11fef4)

com.netflix.nebula:nebula-test:10.6.2 (1 constraints: 9c18268f)

com.palantir.baseline:gradle-baseline-java:7.9.0 (2 constraints: a714b1b1)

com.palantir.baseline-error-prone:gradle-baseline-error-prone:0.7.0 (1 constraints: c01105f5)

com.palantir.gradle.consistentversions:gradle-consistent-versions:3.18.0 (1 constraints: 3e054d3b)

com.palantir.gradle.failure-reports:gradle-failure-reports-common:1.18.0 (1 constraints: f21c3bc2)

com.palantir.gradle.failure-reports:gradle-failure-reports-exceptions:1.18.0 (3 constraints: 423dd53e)

com.palantir.gradle.jdks:gradle-jdks:0.77.0 (2 constraints: 1d1a3413)

com.palantir.gradle.jdks:gradle-jdks-distributions:0.77.0 (2 constraints: 1421de9c)

com.palantir.gradle.jdks:gradle-jdks-enablement:0.77.0 (1 constraints: 970f6192)

com.palantir.gradle.jdks:gradle-jdks-json:0.77.0 (1 constraints: 970f6192)

com.palantir.gradle.jdks:gradle-jdks-settings:0.77.0 (1 constraints: 4005503b)

com.palantir.gradle.jdks:gradle-jdks-setup:0.77.0 (1 constraints: 970f6192)

com.palantir.gradle.jdks:gradle-jdks-setup-common:0.77.0 (3 constraints: 293b3b46)

com.palantir.gradle.jdkslatest:gradle-jdks-latest:0.32.0 (1 constraints: 3705313b)

com.palantir.gradle.plugintesting:configuration-cache-spec:0.54.0 (1 constraints: 3b053f3b)

com.palantir.gradle.plugintesting:discover-tests-cli:0.54.0 (1 constraints: 3b053f3b)

com.palantir.gradle.plugintesting:gradle-plugin-testing-junit:0.54.0 (1 constraints: 3b053f3b)

com.palantir.gradle.plugintesting:plugin-testing-core:0.54.0 (1 constraints: 3b053f3b)

com.palantir.gradle.utils:environment-variables:0.28.0 (3 constraints: a83e1402)

com.palantir.gradle.utils:lazily-configured-mapping:0.28.0 (2 constraints: 8021f4d2)

com.palantir.suppressible-error-prone:gradle-suppressible-error-prone:2.26.0 (1 constraints: 7419b3d0)

commons-io:commons-io:2.22.0 (4 constraints: f24a08f1)

info.picocli:picocli:4.7.7 (1 constraints: 2816dcdd)

javax.annotation:javax.annotation-api:1.2 (1 constraints: e01020af)

javax.inject:javax.inject:1 (7 constraints: e66230f0)

junit:junit:4.13.2 (7 constraints: 9b63a984)

net.bytebuddy:byte-buddy:1.18.3 (1 constraints: 530b55df)

net.ltgt.gradle:gradle-errorprone-plugin:4.3.0 (2 constraints: 3d366a24)

one.util:streamex:0.9.0 (2 constraints: be381f75)

org.apache.commons:commons-compress:1.28.0 (1 constraints: 940f5692)

org.apache.commons:commons-lang3:3.20.0 (5 constraints: 5e4e9eae)

org.apache.maven:maven-artifact:3.9.1 (3 constraints: 82293854)

org.apache.maven:maven-builder-support:3.9.1 (3 constraints: 112c6464)

org.apache.maven:maven-core:3.9.1 (1 constraints: c6111bf5)

org.apache.maven:maven-model:3.9.1 (4 constraints: cb3ac915)

org.apache.maven:maven-model-builder:3.9.1 (2 constraints: 321d6d0a)

org.apache.maven:maven-plugin-api:3.9.1 (1 constraints: e90b70f3)

org.apache.maven:maven-repository-metadata:3.9.1 (2 constraints: 321d6d0a)

org.apache.maven:maven-resolver-provider:3.9.1 (1 constraints: e90b70f3)

org.apache.maven:maven-settings:3.9.1 (2 constraints: ad1c8de9)

org.apache.maven:maven-settings-builder:3.9.1 (1 constraints: e90b70f3)

org.apache.maven.resolver:maven-resolver-api:1.9.7 (5 constraints: 7c5643f6)

org.apache.maven.resolver:maven-resolver-impl:1.9.7 (2 constraints: 3a1d290b)

org.apache.maven.resolver:maven-resolver-named-locks:1.9.7 (1 constraints: 3513e634)

org.apache.maven.resolver:maven-resolver-spi:1.9.7 (3 constraints: 6e306f6a)

org.apache.maven.resolver:maven-resolver-util:1.9.7 (3 constraints: 6e306f6a)

org.apache.maven.shared:maven-dependency-analyzer:1.17.1 (1 constraints: f3110a07)

org.apache.maven.shared:maven-shared-utils:3.3.4 (1 constraints: e60b61f3)

org.apiguardian:apiguardian-api:1.1.2 (11 constraints: 3ac82b62)

org.assertj:assertj-core:3.27.7 (2 constraints: 221f6290)

org.codehaus.groovy:groovy:3.0.24 (3 constraints: 133429dd)

org.codehaus.plexus:plexus-cipher:2.0 (1 constraints: 641174c7)

org.codehaus.plexus:plexus-classworlds:2.6.0 (3 constraints: 572b5104)

org.codehaus.plexus:plexus-component-annotations:2.1.0 (2 constraints: 241d860a)

org.codehaus.plexus:plexus-interpolation:1.26 (3 constraints: 7b2bf0f5)

org.codehaus.plexus:plexus-sec-dispatcher:2.0 (1 constraints: 5c100b99)

org.codehaus.plexus:plexus-utils:3.5.1 (11 constraints: 3fa89966)

org.eclipse.sisu:org.eclipse.sisu.inject:0.3.5 (3 constraints: 852caa93)

org.eclipse.sisu:org.eclipse.sisu.plexus:0.3.5 (2 constraints: 141abc34)

org.graalvm.buildtools:junit-platform-native:0.10.4 (1 constraints: 3705273b)

org.hamcrest:hamcrest:2.2 (1 constraints: d20cdc04)

org.hamcrest:hamcrest-core:1.3 (1 constraints: cc05fe3f)

org.immutables:serial:2.12.1 (1 constraints: 761145ef)

org.junit.jupiter:junit-jupiter:6.1.3 (2 constraints: bc1a4749)

org.junit.jupiter:junit-jupiter-api:6.1.3 (6 constraints: 1a7543a9)

org.junit.jupiter:junit-jupiter-engine:6.1.3 (1 constraints: 070ed03b)

org.junit.jupiter:junit-jupiter-migrationsupport:6.1.3 (1 constraints: 0c050f36)

org.junit.jupiter:junit-jupiter-params:6.1.3 (2 constraints: c5242bd7)

org.junit.platform:junit-platform-commons:6.1.3 (2 constraints: db20e44a)

org.junit.platform:junit-platform-console:6.1.3 (1 constraints: 4313543f)

org.junit.platform:junit-platform-engine:6.1.3 (4 constraints: a740dfe5)

org.junit.platform:junit-platform-launcher:6.1.3 (4 constraints: 6d4155f8)

org.junit.platform:junit-platform-reporting:6.1.3 (1 constraints: eb118fee)

org.junit.vintage:junit-vintage-engine:6.1.3 (1 constraints: 0c050f36)

org.objenesis:objenesis:2.4 (1 constraints: ea0c8c0a)

org.openjdk.jmh:jmh-generator-asm:1.37 (1 constraints: 2c107598)

org.openjdk.jmh:jmh-generator-bytecode:1.37 (1 constraints: de04fb30)

org.openjdk.jmh:jmh-generator-reflection:1.37 (2 constraints: 491e3064)

org.opentest4j:opentest4j:1.3.0 (2 constraints: cf209249)

org.opentest4j.reporting:open-test-reporting-tooling-spi:0.2.5 (1 constraints: cf12e318)

org.ow2.asm:asm:9.10.1 (6 constraints: 996a4513)

org.spockframework:spock-core:2.3-groovy-3.0 (3 constraints: 2c3deb38)

org.spockframework:spock-junit4:2.3-groovy-3.0 (1 constraints: 7a1000b0)
