# Run ./gradlew --write-locks to regenerate this file
com.diffplug.durian:durian-collect:1.2.0 (3 constraints: 4d313bd2)
com.diffplug.durian:durian-core:1.2.0 (4 constraints: 2640ae56)
com.diffplug.durian:durian-io:1.2.0 (1 constraints: 1313c62d)
com.diffplug.durian:durian-swt.os:4.2.1 (1 constraints: c60946a9)
com.diffplug.spotless:spotless-lib:2.42.0 (2 constraints: ec24fde5)
com.diffplug.spotless:spotless-lib-extra:2.42.0 (1 constraints: 48131f41)
com.diffplug.spotless:spotless-plugin-gradle:6.22.0 (1 constraints: 3c05513b)
com.fasterxml.jackson.core:jackson-annotations:2.15.2 (2 constraints: c517c371)
com.fasterxml.jackson.core:jackson-core:2.15.2 (5 constraints: 4a5dbc98)
com.fasterxml.jackson.core:jackson-databind:2.15.2 (4 constraints: c14a9555)
com.fasterxml.jackson.datatype:jackson-datatype-guava:2.15.2 (1 constraints: 3c05403b)
com.fasterxml.jackson.datatype:jackson-datatype-jdk8:2.15.2 (1 constraints: 3c05403b)
com.fasterxml.jackson.module:jackson-module-parameter-names:2.15.2 (1 constraints: 3c05403b)
com.google.auto:auto-common:1.2.1 (2 constraints: 5a219b5a)
com.google.auto.service:auto-service:1.1.1 (1 constraints: 0505f435)
com.google.auto.service:auto-service-annotations:1.1.1 (1 constraints: 9c0f6a86)
com.google.code.findbugs:jsr305:3.0.2 (3 constraints: 571ca3f6)
com.google.errorprone:error_prone_annotations:2.21.1 (4 constraints: 4a27557a)
com.google.guava:failureaccess:1.0.1 (1 constraints: 140ae1b4)
com.google.guava:guava:32.1.3-jre (7 constraints: 7f6d07a3)
com.google.guava:listenablefuture:9999.0-empty-to-avoid-conflict-with-guava (1 constraints: bd17c918)
com.google.j2objc:j2objc-annotations:2.8 (2 constraints: 9716ab11)
com.googlecode.concurrent-trees:concurrent-trees:2.6.1 (1 constraints: 761166da)
com.googlecode.javaewah:JavaEWAH:1.2.3 (1 constraints: 460e7e50)
com.squareup.okhttp3:okhttp:4.11.0 (1 constraints: f5093bb3)
com.squareup.okio:okio:3.2.0 (1 constraints: 4f0c2cfd)
com.squareup.okio:okio-jvm:3.2.0 (1 constraints: 4c0ac7b9)
commons-codec:commons-codec:1.16.0 (1 constraints: 780efe5e)
dev.equo.ide:solstice:1.7.3 (1 constraints: 781166da)
org.checkerframework:checker-qual:3.37.0 (3 constraints: 1f226a29)
org.derive4j:derive4j-annotation:1.1.1 (1 constraints: 0505f435)
org.eclipse.jgit:org.eclipse.jgit:6.7.0.202309050840-r (2 constraints: f22a55d9)
org.eclipse.platform:org.eclipse.osgi:3.18.300 (1 constraints: 5e0ad9c7)
org.functionaljava:functionaljava:4.8 (1 constraints: b0042b2c)
org.immutables:value:2.10.0 (1 constraints: 35052f3b)
org.jetbrains:annotations:13.0 (1 constraints: df0e795c)
org.jetbrains.kotlin:kotlin-stdlib:1.6.20 (3 constraints: 402e6ab4)
org.jetbrains.kotlin:kotlin-stdlib-common:1.6.20 (2 constraints: 3b1bdf82)
org.jetbrains.kotlin:kotlin-stdlib-jdk7:1.6.20 (1 constraints: e010f5d2)
org.jetbrains.kotlin:kotlin-stdlib-jdk8:1.6.20 (2 constraints: 7c1842c5)
org.slf4j:slf4j-api:1.7.36 (2 constraints: 801849c0)
org.tukaani:xz:1.9 (1 constraints: 6b09e995)

[Test dependencies]
cglib:cglib-nodep:3.2.2 (1 constraints: 490ded24)
com.google.auto.value:auto-value:1.5.3 (1 constraints: 1c121afb)
com.google.auto.value:auto-value-annotations:1.10.1 (1 constraints: 8b0aa0c3)
com.google.guava:guava-testlib:27.0.1-jre (1 constraints: aa067c53)
com.google.testing.compile:compile-testing:0.15 (1 constraints: da04f230)
com.google.truth:truth:1.1.5 (3 constraints: b92b54b9)
com.google.truth.extensions:truth-java8-extension:0.37 (1 constraints: ef11ffe8)
com.netflix.nebula:nebula-test:10.0.0 (1 constraints: 3305273b)
junit:junit:4.13.2 (7 constraints: 796291b5)
net.bytebuddy:byte-buddy:1.12.21 (1 constraints: 7d0bbfea)
org.apiguardian:apiguardian-api:1.1.2 (7 constraints: 9d791b5f)
org.assertj:assertj-core:3.24.2 (1 constraints: 3d05473b)
org.codehaus.groovy:groovy:3.0.6 (2 constraints: 1e1b476d)
org.hamcrest:hamcrest:2.2 (1 constraints: d20cdc04)
org.hamcrest:hamcrest-core:1.3 (1 constraints: cc05fe3f)
org.junit.jupiter:junit-jupiter:5.10.0 (1 constraints: 3805413b)
org.junit.jupiter:junit-jupiter-api:5.10.0 (4 constraints: 3145aef5)
org.junit.jupiter:junit-jupiter-engine:5.10.0 (1 constraints: 330efd49)
org.junit.jupiter:junit-jupiter-migrationsupport:5.10.0 (1 constraints: 3805413b)
org.junit.jupiter:junit-jupiter-params:5.10.0 (1 constraints: 330efd49)
org.junit.platform:junit-platform-commons:1.10.0 (2 constraints: 2b211983)
org.junit.platform:junit-platform-engine:1.10.0 (3 constraints: ac2e4dc4)
org.junit.vintage:junit-vintage-engine:5.10.0 (1 constraints: 3805413b)
org.objenesis:objenesis:2.4 (1 constraints: ea0c8c0a)
org.opentest4j:opentest4j:1.3.0 (2 constraints: cf209249)
org.ow2.asm:asm:9.5 (1 constraints: 080aaba4)
org.spockframework:spock-core:2.0-M4-groovy-3.0 (2 constraints: e822d65a)
org.spockframework:spock-junit4:2.0-M4-groovy-3.0 (1 constraints: 25115ddf)
