# Run ./gradlew --write-locks to regenerate this file
com.diffplug.durian:durian-collect:1.2.0 (3 constraints: 4d313bd2)
com.diffplug.durian:durian-core:1.2.0 (4 constraints: 2640ae56)
com.diffplug.durian:durian-io:1.2.0 (1 constraints: 1313c62d)
com.diffplug.spotless:spotless-lib:2.22.0 (2 constraints: e82481e5)
com.diffplug.spotless:spotless-lib-extra:2.22.0 (1 constraints: 46131741)
com.diffplug.spotless:spotless-plugin-gradle:6.2.0 (1 constraints: 0a050f36)
com.fasterxml.jackson.core:jackson-annotations:2.11.1 (2 constraints: bb17a070)
com.fasterxml.jackson.core:jackson-core:2.11.1 (5 constraints: 315df68b)
com.fasterxml.jackson.core:jackson-databind:2.11.1 (4 constraints: ad4aaf4d)
com.fasterxml.jackson.datatype:jackson-datatype-guava:2.11.1 (1 constraints: 3705333b)
com.fasterxml.jackson.datatype:jackson-datatype-jdk8:2.11.1 (1 constraints: 3705333b)
com.fasterxml.jackson.module:jackson-module-parameter-names:2.11.1 (1 constraints: 3705333b)
com.google.auto:auto-common:1.2 (2 constraints: fb206329)
com.google.auto.service:auto-service:1.0.1 (1 constraints: 0405f135)
com.google.auto.service:auto-service-annotations:1.0.1 (1 constraints: 9b0f6786)
com.google.code.findbugs:jsr305:3.0.2 (3 constraints: 571ca3f6)
com.google.errorprone:error_prone_annotations:2.10.0 (4 constraints: ea262937)
com.google.guava:failureaccess:1.0.1 (1 constraints: 140ae1b4)
com.google.guava:guava:31.0.1-jre (7 constraints: a36b5046)
com.google.guava:listenablefuture:9999.0-empty-to-avoid-conflict-with-guava (1 constraints: bd17c918)
com.google.j2objc:j2objc-annotations:1.3 (2 constraints: 9116c510)
com.googlecode.concurrent-trees:concurrent-trees:2.6.1 (1 constraints: 761166da)
com.googlecode.javaewah:JavaEWAH:1.1.12 (1 constraints: 750eee5e)
org.checkerframework:checker-qual:3.13.0 (3 constraints: 14225427)
org.codehaus.groovy:groovy:3.0.9 (3 constraints: b52813bc)
org.codehaus.groovy:groovy-xml:3.0.9 (1 constraints: 791161da)
org.derive4j:derive4j-annotation:1.1.1 (1 constraints: 0505f435)
org.eclipse.jgit:org.eclipse.jgit:5.13.0.202109080827-r (2 constraints: 562b9625)
org.functionaljava:functionaljava:4.8 (1 constraints: b0042b2c)
org.immutables:value:2.8.8 (1 constraints: 14051536)
org.slf4j:slf4j-api:1.7.33 (2 constraints: ba13f47b)

[Test dependencies]
cglib:cglib-nodep:3.3.0 (2 constraints: 7a1acf3c)
com.google.auto.value:auto-value:1.5.3 (1 constraints: 1c121afb)
com.google.auto.value:auto-value-annotations:1.8.1 (1 constraints: 620a29b9)
com.google.guava:guava-testlib:27.0.1-jre (1 constraints: aa067c53)
com.google.testing.compile:compile-testing:0.15 (1 constraints: da04f230)
com.google.truth:truth:1.1.3 (3 constraints: b72b7cb8)
com.google.truth.extensions:truth-java8-extension:0.37 (1 constraints: ef11ffe8)
com.netflix.nebula:nebula-test:10.0.0 (1 constraints: 3305273b)
junit:junit:4.13.2 (7 constraints: 796291b5)
net.bytebuddy:byte-buddy:1.10.16 (1 constraints: 950dfa39)
org.assertj:assertj-core:3.22.0 (2 constraints: 65174647)
org.hamcrest:hamcrest:2.2 (1 constraints: d20cdc04)
org.hamcrest:hamcrest-core:1.3 (1 constraints: cc05fe3f)
org.jetbrains:annotations:19.0.0 (1 constraints: 660d8f2c)
org.junit:junit-bom:5.8.2 (12 constraints: 6ac77fbf)
org.junit.jupiter:junit-jupiter:5.8.2 (2 constraints: 260e7a59)
org.junit.jupiter:junit-jupiter-api:5.8.2 (5 constraints: aa4de77d)
org.junit.jupiter:junit-jupiter-engine:5.8.2 (2 constraints: 2117d23c)
org.junit.jupiter:junit-jupiter-migrationsupport:5.8.2 (2 constraints: 260e7a59)
org.junit.jupiter:junit-jupiter-params:5.8.2 (2 constraints: 2117d23c)
org.junit.platform:junit-platform-commons:1.8.2 (3 constraints: ee29ed2b)
org.junit.platform:junit-platform-engine:1.8.2 (4 constraints: 863c7bdc)
org.junit.platform:junit-platform-launcher:1.8.2 (2 constraints: 121b944a)
org.junit.platform:junit-platform-testkit:1.8.2 (1 constraints: 12097995)
org.junit.vintage:junit-vintage-engine:5.8.2 (2 constraints: 260e7a59)
org.objenesis:objenesis:3.1 (2 constraints: bb193de0)
org.opentest4j:opentest4j:1.2.0 (3 constraints: c53224a1)
org.ow2.asm:asm:9.1 (2 constraints: da162012)
org.spockframework:spock-core:2.0-M4-groovy-3.0 (2 constraints: e822d65a)
org.spockframework:spock-junit4:2.0-M4-groovy-3.0 (1 constraints: 25115ddf)
