# Run ./gradlew --write-locks to regenerate this file
com.fasterxml.jackson.core:jackson-annotations:2.16.1 (2 constraints: 0f27a8e4)
com.fasterxml.jackson.core:jackson-core:2.16.1 (5 constraints: 1b6b801e)
com.fasterxml.jackson.core:jackson-databind:2.16.1 (5 constraints: cd5d2e54)
com.fasterxml.jackson.datatype:jackson-datatype-guava:2.16.1 (1 constraints: 86142390)
com.fasterxml.jackson.datatype:jackson-datatype-jdk8:2.16.1 (1 constraints: 0d132339)
com.fasterxml.jackson.module:jackson-module-parameter-names:2.16.1 (1 constraints: 0d132339)
com.google.code.findbugs:jsr305:3.0.2 (3 constraints: 571ca3f6)
com.google.errorprone:error_prone_annotations:2.23.0 (4 constraints: 4d27767b)
com.google.guava:failureaccess:1.0.2 (1 constraints: 150ae2b4)
com.google.guava:guava:33.0.0-jre (8 constraints: ec85ae15)
com.google.guava:listenablefuture:9999.0-empty-to-avoid-conflict-with-guava (1 constraints: bd17c918)
com.google.j2objc:j2objc-annotations:2.8 (2 constraints: 9716ab11)
com.palantir.javaformat:palantir-java-format:2.44.0-3-gc5a0bc7.dirty (1 constraints: af0ab1bf)
com.palantir.javaformat:palantir-java-format-spi:2.44.0-3-gc5a0bc7.dirty (1 constraints: 801882a8)
org.checkerframework:checker-qual:3.41.0 (3 constraints: 1a22f927)
org.functionaljava:functionaljava:4.8 (2 constraints: 3017b01b)

[Test dependencies]
com.google.auto:auto-common:0.9 (1 constraints: be1116d7)
com.google.auto.value:auto-value:1.5.3 (1 constraints: 1c121afb)
com.google.auto.value:auto-value-annotations:1.10.1 (1 constraints: 8b0aa0c3)
com.google.guava:guava-testlib:27.0.1-jre (1 constraints: aa067c53)
com.google.testing.compile:compile-testing:0.15 (1 constraints: da04f230)
com.google.truth:truth:1.1.5 (3 constraints: b92b54b9)
com.google.truth.extensions:truth-java8-extension:0.37 (1 constraints: ef11ffe8)
junit:junit:4.13.2 (5 constraints: 10444717)
net.bytebuddy:byte-buddy:1.12.21 (1 constraints: 7d0bbfea)
org.apiguardian:apiguardian-api:1.1.2 (6 constraints: 24695e60)
org.assertj:assertj-core:3.24.2 (1 constraints: 3d05473b)
org.hamcrest:hamcrest-core:1.3 (1 constraints: cc05fe3f)
org.junit.jupiter:junit-jupiter:5.10.0 (1 constraints: 3805413b)
org.junit.jupiter:junit-jupiter-api:5.10.0 (4 constraints: 3145aef5)
org.junit.jupiter:junit-jupiter-engine:5.10.0 (1 constraints: 330efd49)
org.junit.jupiter:junit-jupiter-migrationsupport:5.10.0 (1 constraints: 3805413b)
org.junit.jupiter:junit-jupiter-params:5.10.0 (1 constraints: 330efd49)
org.junit.platform:junit-platform-commons:1.10.0 (2 constraints: 2b211983)
org.junit.platform:junit-platform-engine:1.10.0 (1 constraints: d210e4c4)
org.opentest4j:opentest4j:1.3.0 (2 constraints: cf209249)
org.ow2.asm:asm:9.5 (1 constraints: 080aaba4)
